
Microsoft Visual Studio Solution File, Format Version 12.00
# Visual Studio 15
VisualStudioVersion = 15.0.28307.489
MinimumVisualStudioVersion = 10.0.40219.1
Project("{FAE04EC0-301F-11D3-BF4B-00C04F79EFBC}") = "Tsung0410", "Tsung0410\Tsung0410.csproj", "{C2B39A2C-2194-4965-BCF1-643C30BCECDC}"
EndProject
Global
	GlobalSection(SolutionConfigurationPlatforms) = preSolution
		Debug|Any CPU = Debug|Any CPU
		Release|Any CPU = Release|Any CPU
	EndGlobalSection
	GlobalSection(ProjectConfigurationPlatforms) = postSolution
		{C2B39A2C-2194-4965-BCF1-643C30BCECDC}.Debug|Any CPU.ActiveCfg = Debug|Any CPU
		{C2B39A2C-2194-4965-BCF1-643C30BCECDC}.Debug|Any CPU.Build.0 = Debug|Any CPU
		{C2B39A2C-2194-4965-BCF1-643C30BCECDC}.Release|Any CPU.ActiveCfg = Release|Any CPU
		{C2B39A2C-2194-4965-BCF1-643C30BCECDC}.Release|Any CPU.Build.0 = Release|Any CPU
	EndGlobalSection
	GlobalSection(SolutionProperties) = preSolution
		HideSolutionNode = FALSE
	EndGlobalSection
	GlobalSection(ExtensibilityGlobals) = postSolution
		SolutionGuid = {C59B4035-3310-4DD8-B55F-B80A34C4EF15}
	EndGlobalSection
EndGlobal
